{
  "name": "pi-flow-tidy",
  "version": "0.3.2",
  "lockfileVersion": 3,
  "requires": true,
  "packages": {
    "": {
      "name": "pi-flow-tidy",
      "version": "0.3.2",
      "license": "MIT",
      "bin": {
        "pi-flow-tidy": "bin/pi-flow-tidy.mjs"
      },
      "engines": {
        "node": ">=20"
      }
    }
  }
}
